
Microsoft Visual Studio Solution File, Format Version 12.00
# Visual Studio Version 16
VisualStudioVersion = 16.0.29806.167
MinimumVisualStudioVersion = 10.0.40219.1
Project("{9A19103F-16F7-4668-BE54-9A1E7A4F7556}") = "BankAccountSimulation", "BankAccountSimulation\BankAccountSimulation.csproj", "{91160F1A-9FB1-43B0-ADAA-5A8DA7ABE32E}"
EndProject
Project("{9A19103F-16F7-4668-BE54-9A1E7A4F7556}") = "Models", "Models\Models.csproj", "{2CBCC1DF-4A51-450C-BBE4-F14362A75428}"
EndProject
Project("{9A19103F-16F7-4668-BE54-9A1E7A4F7556}") = "ProjectContext", "ProjectContext\ProjectContext.csproj", "{ED273A80-0F7E-488D-8864-6633D16F0BC2}"
EndProject
Project("{9A19103F-16F7-4668-BE54-9A1E7A4F7556}") = "BusinessLogicLayer", "BusinessLogicLayer\BusinessLogicLayer.csproj", "{1027BFDC-875A-41CE-AC58-0FA75757CFAD}"
EndProject
Project("{9A19103F-16F7-4668-BE54-9A1E7A4F7556}") = "ProjectRepository", "ProjectRepository\ProjectRepository.csproj", "{86010888-F292-4ABD-B263-BE7C9A7BE66F}"
EndProject
Global
	GlobalSection(SolutionConfigurationPlatforms) = preSolution
		Debug|Any CPU = Debug|Any CPU
		Release|Any CPU = Release|Any CPU
	EndGlobalSection
	GlobalSection(ProjectConfigurationPlatforms) = postSolution
		{91160F1A-9FB1-43B0-ADAA-5A8DA7ABE32E}.Debug|Any CPU.ActiveCfg = Debug|Any CPU
		{91160F1A-9FB1-43B0-ADAA-5A8DA7ABE32E}.Debug|Any CPU.Build.0 = Debug|Any CPU
		{91160F1A-9FB1-43B0-ADAA-5A8DA7ABE32E}.Release|Any CPU.ActiveCfg = Release|Any CPU
		{91160F1A-9FB1-43B0-ADAA-5A8DA7ABE32E}.Release|Any CPU.Build.0 = Release|Any CPU
		{2CBCC1DF-4A51-450C-BBE4-F14362A75428}.Debug|Any CPU.ActiveCfg = Debug|Any CPU
		{2CBCC1DF-4A51-450C-BBE4-F14362A75428}.Debug|Any CPU.Build.0 = Debug|Any CPU
		{2CBCC1DF-4A51-450C-BBE4-F14362A75428}.Release|Any CPU.ActiveCfg = Release|Any CPU
		{2CBCC1DF-4A51-450C-BBE4-F14362A75428}.Release|Any CPU.Build.0 = Release|Any CPU
		{ED273A80-0F7E-488D-8864-6633D16F0BC2}.Debug|Any CPU.ActiveCfg = Debug|Any CPU
		{ED273A80-0F7E-488D-8864-6633D16F0BC2}.Debug|Any CPU.Build.0 = Debug|Any CPU
		{ED273A80-0F7E-488D-8864-6633D16F0BC2}.Release|Any CPU.ActiveCfg = Release|Any CPU
		{ED273A80-0F7E-488D-8864-6633D16F0BC2}.Release|Any CPU.Build.0 = Release|Any CPU
		{1027BFDC-875A-41CE-AC58-0FA75757CFAD}.Debug|Any CPU.ActiveCfg = Debug|Any CPU
		{1027BFDC-875A-41CE-AC58-0FA75757CFAD}.Debug|Any CPU.Build.0 = Debug|Any CPU
		{1027BFDC-875A-41CE-AC58-0FA75757CFAD}.Release|Any CPU.ActiveCfg = Release|Any CPU
		{1027BFDC-875A-41CE-AC58-0FA75757CFAD}.Release|Any CPU.Build.0 = Release|Any CPU
		{86010888-F292-4ABD-B263-BE7C9A7BE66F}.Debug|Any CPU.ActiveCfg = Debug|Any CPU
		{86010888-F292-4ABD-B263-BE7C9A7BE66F}.Debug|Any CPU.Build.0 = Debug|Any CPU
		{86010888-F292-4ABD-B263-BE7C9A7BE66F}.Release|Any CPU.ActiveCfg = Release|Any CPU
		{86010888-F292-4ABD-B263-BE7C9A7BE66F}.Release|Any CPU.Build.0 = Release|Any CPU
	EndGlobalSection
	GlobalSection(SolutionProperties) = preSolution
		HideSolutionNode = FALSE
	EndGlobalSection
	GlobalSection(ExtensibilityGlobals) = postSolution
		SolutionGuid = {A9BDB20F-F373-4CCF-9794-1D359336F619}
	EndGlobalSection
EndGlobal
